
Microsoft Visual Studio Solution File, Format Version 12.00
# Visual Studio Version 16
VisualStudioVersion = 16.0.31624.102
MinimumVisualStudioVersion = 10.0.40219.1
Project("{9A19103F-16F7-4668-BE54-9A1E7A4F7556}") = "App", "Admin.Server\App.csproj", "{48C25733-F1A0-4909-9274-4EA7CB5ECD5A}"
EndProject
Project("{9A19103F-16F7-4668-BE54-9A1E7A4F7556}") = "Db", "Core\Db\Db.csproj", "{391684BE-DA73-47C1-954E-B645C084FBBA}"
EndProject
Project("{2150E333-8FDC-42A3-9474-1A3956D46DE8}") = "Core", "Core", "{02EDAA61-DFF0-4F93-93CE-4C382CFE0912}"
EndProject
Project("{9A19103F-16F7-4668-BE54-9A1E7A4F7556}") = "Entities", "Core\Entities\Entities.csproj", "{EB51689E-F0C8-4A1B-9BEC-10AF2673DE42}"
EndProject
Project("{9A19103F-16F7-4668-BE54-9A1E7A4F7556}") = "Api", "Api\Api.csproj", "{65246DBE-E3EA-4D76-A9D5-1EB57A539181}"
EndProject
Project("{FAE04EC0-301F-11D3-BF4B-00C04F79EFBC}") = "Tools", "Tools\Tools.csproj", "{C8D39F70-4019-435E-9C71-40B29E78D10B}"
EndProject
Global
	GlobalSection(SolutionConfigurationPlatforms) = preSolution
		Debug|Any CPU = Debug|Any CPU
		Release|Any CPU = Release|Any CPU
	EndGlobalSection
	GlobalSection(ProjectConfigurationPlatforms) = postSolution
		{48C25733-F1A0-4909-9274-4EA7CB5ECD5A}.Debug|Any CPU.ActiveCfg = Debug|Any CPU
		{48C25733-F1A0-4909-9274-4EA7CB5ECD5A}.Debug|Any CPU.Build.0 = Debug|Any CPU
		{48C25733-F1A0-4909-9274-4EA7CB5ECD5A}.Release|Any CPU.ActiveCfg = Release|Any CPU
		{48C25733-F1A0-4909-9274-4EA7CB5ECD5A}.Release|Any CPU.Build.0 = Release|Any CPU
		{391684BE-DA73-47C1-954E-B645C084FBBA}.Debug|Any CPU.ActiveCfg = Debug|Any CPU
		{391684BE-DA73-47C1-954E-B645C084FBBA}.Debug|Any CPU.Build.0 = Debug|Any CPU
		{391684BE-DA73-47C1-954E-B645C084FBBA}.Release|Any CPU.ActiveCfg = Release|Any CPU
		{391684BE-DA73-47C1-954E-B645C084FBBA}.Release|Any CPU.Build.0 = Release|Any CPU
		{EB51689E-F0C8-4A1B-9BEC-10AF2673DE42}.Debug|Any CPU.ActiveCfg = Debug|Any CPU
		{EB51689E-F0C8-4A1B-9BEC-10AF2673DE42}.Debug|Any CPU.Build.0 = Debug|Any CPU
		{EB51689E-F0C8-4A1B-9BEC-10AF2673DE42}.Release|Any CPU.ActiveCfg = Release|Any CPU
		{EB51689E-F0C8-4A1B-9BEC-10AF2673DE42}.Release|Any CPU.Build.0 = Release|Any CPU
		{65246DBE-E3EA-4D76-A9D5-1EB57A539181}.Debug|Any CPU.ActiveCfg = Debug|Any CPU
		{65246DBE-E3EA-4D76-A9D5-1EB57A539181}.Debug|Any CPU.Build.0 = Debug|Any CPU
		{65246DBE-E3EA-4D76-A9D5-1EB57A539181}.Release|Any CPU.ActiveCfg = Release|Any CPU
		{65246DBE-E3EA-4D76-A9D5-1EB57A539181}.Release|Any CPU.Build.0 = Release|Any CPU
		{C8D39F70-4019-435E-9C71-40B29E78D10B}.Debug|Any CPU.ActiveCfg = Debug|Any CPU
		{C8D39F70-4019-435E-9C71-40B29E78D10B}.Debug|Any CPU.Build.0 = Debug|Any CPU
		{C8D39F70-4019-435E-9C71-40B29E78D10B}.Release|Any CPU.ActiveCfg = Release|Any CPU
		{C8D39F70-4019-435E-9C71-40B29E78D10B}.Release|Any CPU.Build.0 = Release|Any CPU
	EndGlobalSection
	GlobalSection(SolutionProperties) = preSolution
		HideSolutionNode = FALSE
	EndGlobalSection
	GlobalSection(NestedProjects) = preSolution
		{391684BE-DA73-47C1-954E-B645C084FBBA} = {02EDAA61-DFF0-4F93-93CE-4C382CFE0912}
		{EB51689E-F0C8-4A1B-9BEC-10AF2673DE42} = {02EDAA61-DFF0-4F93-93CE-4C382CFE0912}
	EndGlobalSection
	GlobalSection(ExtensibilityGlobals) = postSolution
		SolutionGuid = {8151CB6D-3A2E-465C-9338-1DB14BC1115C}
	EndGlobalSection
EndGlobal
