
Microsoft Visual Studio Solution File, Format Version 12.00
Project("{FAE04EC0-301F-11D3-BF4B-00C04F79EFBC}") = "App", "Admin.Server\App.csproj", "{48C25733-F1A0-4909-9274-4EA7CB5ECD5A}"
EndProject
Project("{FAE04EC0-301F-11D3-BF4B-00C04F79EFBC}") = "Db", "Core\Db\Db.csproj", "{391684BE-DA73-47C1-954E-B645C084FBBA}"
EndProject
Project("{2150E333-8FDC-42A3-9474-1A3956D46DE8}") = "Core", "Core", "{02EDAA61-DFF0-4F93-93CE-4C382CFE0912}"
EndProject
Project("{FAE04EC0-301F-11D3-BF4B-00C04F79EFBC}") = "Entities", "Core\Entities\Entities.csproj", "{EB51689E-F0C8-4A1B-9BEC-10AF2673DE42}"
EndProject
Project("{FAE04EC0-301F-11D3-BF4B-00C04F79EFBC}") = "Api", "Api\Api.csproj", "{65246DBE-E3EA-4D76-A9D5-1EB57A539181}"
EndProject
Global
	GlobalSection(SolutionConfigurationPlatforms) = preSolution
		Debug|Any CPU = Debug|Any CPU
		Release|Any CPU = Release|Any CPU
	EndGlobalSection
	GlobalSection(ProjectConfigurationPlatforms) = postSolution
		{48C25733-F1A0-4909-9274-4EA7CB5ECD5A}.Debug|Any CPU.ActiveCfg = Debug|Any CPU
		{48C25733-F1A0-4909-9274-4EA7CB5ECD5A}.Debug|Any CPU.Build.0 = Debug|Any CPU
		{48C25733-F1A0-4909-9274-4EA7CB5ECD5A}.Release|Any CPU.ActiveCfg = Release|Any CPU
		{48C25733-F1A0-4909-9274-4EA7CB5ECD5A}.Release|Any CPU.Build.0 = Release|Any CPU
		{391684BE-DA73-47C1-954E-B645C084FBBA}.Debug|Any CPU.ActiveCfg = Debug|Any CPU
		{391684BE-DA73-47C1-954E-B645C084FBBA}.Debug|Any CPU.Build.0 = Debug|Any CPU
		{391684BE-DA73-47C1-954E-B645C084FBBA}.Release|Any CPU.ActiveCfg = Release|Any CPU
		{391684BE-DA73-47C1-954E-B645C084FBBA}.Release|Any CPU.Build.0 = Release|Any CPU
		{EB51689E-F0C8-4A1B-9BEC-10AF2673DE42}.Debug|Any CPU.ActiveCfg = Debug|Any CPU
		{EB51689E-F0C8-4A1B-9BEC-10AF2673DE42}.Debug|Any CPU.Build.0 = Debug|Any CPU
		{EB51689E-F0C8-4A1B-9BEC-10AF2673DE42}.Release|Any CPU.ActiveCfg = Release|Any CPU
		{EB51689E-F0C8-4A1B-9BEC-10AF2673DE42}.Release|Any CPU.Build.0 = Release|Any CPU
		{65246DBE-E3EA-4D76-A9D5-1EB57A539181}.Debug|Any CPU.ActiveCfg = Debug|Any CPU
		{65246DBE-E3EA-4D76-A9D5-1EB57A539181}.Debug|Any CPU.Build.0 = Debug|Any CPU
		{65246DBE-E3EA-4D76-A9D5-1EB57A539181}.Release|Any CPU.ActiveCfg = Release|Any CPU
		{65246DBE-E3EA-4D76-A9D5-1EB57A539181}.Release|Any CPU.Build.0 = Release|Any CPU
	EndGlobalSection
	GlobalSection(NestedProjects) = preSolution
		{391684BE-DA73-47C1-954E-B645C084FBBA} = {02EDAA61-DFF0-4F93-93CE-4C382CFE0912}
		{EB51689E-F0C8-4A1B-9BEC-10AF2673DE42} = {02EDAA61-DFF0-4F93-93CE-4C382CFE0912}
	EndGlobalSection
EndGlobal
